# THIS IS AN AUTOGENERATED FILE. DO NOT EDIT THIS FILE DIRECTLY.
# yarn lockfile v1


"@cspotcode/source-map-support@^0.8.0":
  version "0.8.1"
  resolved "https://registry.npmjs.org/@cspotcode/source-map-support/-/source-map-support-0.8.1.tgz"
  integrity sha512-IchNf6dN4tHoMFIn/7OE8LWZ19Y6q/67Bmf6vnGREv8RSbBVb9LPJxEcnwrcwX6ixSvaiGoomAUvu4YSxXrVgw==
  dependencies:
    "@jridgewell/trace-mapping" "0.3.9"

"@jridgewell/resolve-uri@^3.0.3":
  version "3.1.2"
  resolved "https://registry.npmjs.org/@jridgewell/resolve-uri/-/resolve-uri-3.1.2.tgz"
  integrity sha512-bRISgCIjP20/tbWSPWMEi54QVPRZExkuD9lJL+UIxUKtwVJA8wW1Trb1jMs1RFXo1CBTNZ/5hpC9QvmKWdopKw==

"@jridgewell/sourcemap-codec@^1.4.10":
  version "1.4.15"
  resolved "https://registry.npmjs.org/@jridgewell/sourcemap-codec/-/sourcemap-codec-1.4.15.tgz"
  integrity sha512-eF2rxCRulEKXHTRiDrDy6erMYWqNw4LPdQ8UQA4huuxaQsVeRPFl2oM8oDGxMFhJUWZf9McpLtJasDDZb/Bpeg==

"@jridgewell/trace-mapping@0.3.9":
  version "0.3.9"
  resolved "https://registry.npmjs.org/@jridgewell/trace-mapping/-/trace-mapping-0.3.9.tgz"
  integrity sha512-3Belt6tdc8bPgAtbcmdtNJlirVoTmEb5e2gC94PnkwEW9jI6CAHUeoG85tjWP5WquqfavoMtMwiG4P926ZKKuQ==
  dependencies:
    "@jridgewell/resolve-uri" "^3.0.3"
    "@jridgewell/sourcemap-codec" "^1.4.10"

"@opentelemetry/api@^1.7.0":
  version "1.7.0"
  resolved "https://registry.npmjs.org/@opentelemetry/api/-/api-1.7.0.tgz"
  integrity sha512-AdY5wvN0P2vXBi3b29hxZgSFvdhdxPB9+f0B6s//P9Q8nibRWeA3cHm8UmLpio9ABigkVHJ5NMPk+Mz8VCCyrw==

"@opentelemetry/core@1.21.0":
  version "1.21.0"
  resolved "https://registry.npmjs.org/@opentelemetry/core/-/core-1.21.0.tgz"
  integrity sha512-KP+OIweb3wYoP7qTYL/j5IpOlu52uxBv5M4+QhSmmUfLyTgu1OIS71msK3chFo1D6Y61BIH3wMiMYRCxJCQctA==
  dependencies:
    "@opentelemetry/semantic-conventions" "1.21.0"

"@opentelemetry/resources@^1.17.1":
  version "1.21.0"
  resolved "https://registry.npmjs.org/@opentelemetry/resources/-/resources-1.21.0.tgz"
  integrity sha512-1Z86FUxPKL6zWVy2LdhueEGl9AHDJcx+bvHStxomruz6Whd02mE3lNUMjVJ+FGRoktx/xYQcxccYb03DiUP6Yw==
  dependencies:
    "@opentelemetry/core" "1.21.0"
    "@opentelemetry/semantic-conventions" "1.21.0"

"@opentelemetry/semantic-conventions@1.21.0":
  version "1.21.0"
  resolved "https://registry.npmjs.org/@opentelemetry/semantic-conventions/-/semantic-conventions-1.21.0.tgz"
  integrity sha512-lkC8kZYntxVKr7b8xmjCVUgE0a8xgDakPyDo9uSWavXPyYqLgYYGdEd2j8NxihRyb6UwpX3G/hFUF4/9q2V+/g==

"@tsconfig/node10@^1.0.7":
  version "1.0.9"
  resolved "https://registry.npmjs.org/@tsconfig/node10/-/node10-1.0.9.tgz"
  integrity sha512-jNsYVVxU8v5g43Erja32laIDHXeoNvFEpX33OK4d6hljo3jDhCBDhx5dhCCTMWUojscpAagGiRkBKxpdl9fxqA==

"@tsconfig/node12@^1.0.7":
  version "1.0.11"
  resolved "https://registry.npmjs.org/@tsconfig/node12/-/node12-1.0.11.tgz"
  integrity sha512-cqefuRsh12pWyGsIoBKJA9luFu3mRxCA+ORZvA4ktLSzIuCUtWVxGIuXigEwO5/ywWFMZ2QEGKWvkZG1zDMTag==

"@tsconfig/node14@^1.0.0":
  version "1.0.3"
  resolved "https://registry.npmjs.org/@tsconfig/node14/-/node14-1.0.3.tgz"
  integrity sha512-ysT8mhdixWK6Hw3i1V2AeRqZ5WfXg1G43mqoYlM2nc6388Fq5jcXyr5mRsqViLx/GJYdoL0bfXD8nmF+Zn/Iow==

"@tsconfig/node16@^1.0.2":
  version "1.0.4"
  resolved "https://registry.npmjs.org/@tsconfig/node16/-/node16-1.0.4.tgz"
  integrity sha512-vxhUy4J8lyeyinH7Azl1pdd43GJhZH/tP2weN8TntQblOY+A0XbT8DJk1/oCPuOOyg/Ja757rG0CgHcWC8OfMA==

"@types/body-parser@*":
  version "1.19.5"
  resolved "https://registry.npmjs.org/@types/body-parser/-/body-parser-1.19.5.tgz"
  integrity sha512-fB3Zu92ucau0iQ0JMCFQE7b/dv8Ot07NI3KaZIkIUNXq82k4eBAqUaneXfleGY9JWskeS9y+u0nXMyspcuQrCg==
  dependencies:
    "@types/connect" "*"
    "@types/node" "*"

"@types/connect@*":
  version "3.4.38"
  resolved "https://registry.npmjs.org/@types/connect/-/connect-3.4.38.tgz"
  integrity sha512-K6uROf1LD88uDQqJCktA4yzL1YYAK6NgfsI0v/mTgyPKWsX1CnJ0XPSDhViejru1GcRkLWb8RlzFYJRqGUbaug==
  dependencies:
    "@types/node" "*"

"@types/express-serve-static-core@^4.17.33":
  version "4.17.43"
  resolved "https://registry.npmjs.org/@types/express-serve-static-core/-/express-serve-static-core-4.17.43.tgz"
  integrity sha512-oaYtiBirUOPQGSWNGPWnzyAFJ0BP3cwvN4oWZQY+zUBwpVIGsKUkpBpSztp74drYcjavs7SKFZ4DX1V2QeN8rg==
  dependencies:
    "@types/node" "*"
    "@types/qs" "*"
    "@types/range-parser" "*"
    "@types/send" "*"

"@types/express@^4.17.21":
  version "4.17.21"
  resolved "https://registry.npmjs.org/@types/express/-/express-4.17.21.tgz"
  integrity sha512-ejlPM315qwLpaQlQDTjPdsUFSc6ZsP4AN6AlWnogPjQ7CVi7PYF3YVz+CY3jE2pwYf7E/7HlDAN0rV2GxTG0HQ==
  dependencies:
    "@types/body-parser" "*"
    "@types/express-serve-static-core" "^4.17.33"
    "@types/qs" "*"
    "@types/serve-static" "*"

"@types/http-errors@*":
  version "2.0.4"
  resolved "https://registry.npmjs.org/@types/http-errors/-/http-errors-2.0.4.tgz"
  integrity sha512-D0CFMMtydbJAegzOyHjtiKPLlvnm3iTZyZRSZoLq2mRhDdmLfIWOCYPfQJ4cu2erKghU++QvjcUjp/5h7hESpA==

"@types/mime@*":
  version "3.0.4"
  resolved "https://registry.npmjs.org/@types/mime/-/mime-3.0.4.tgz"
  integrity sha512-iJt33IQnVRkqeqC7PzBHPTC6fDlRNRW8vjrgqtScAhrmMwe8c4Eo7+fUGTa+XdWrpEgpyKWMYmi2dIwMAYRzPw==

"@types/mime@^1":
  version "1.3.5"
  resolved "https://registry.npmjs.org/@types/mime/-/mime-1.3.5.tgz"
  integrity sha512-/pyBZWSLD2n0dcHE3hq8s8ZvcETHtEuF+3E7XVt0Ig2nvsVQXdghHVcEkIWjy9A0wKfTn97a/PSDYohKIlnP/w==

"@types/node@*", "@types/node@^20.10.8":
  version "20.11.19"
  resolved "https://registry.npmjs.org/@types/node/-/node-20.11.19.tgz"
  integrity sha512-7xMnVEcZFu0DikYjWOlRq7NTPETrm7teqUT2WkQjrTIkEgUyyGdWsj/Zg8bEJt5TNklzbPD1X3fqfsHw3SpapQ==
  dependencies:
    undici-types "~5.26.4"

"@types/qs@*":
  version "6.9.11"
  resolved "https://registry.npmjs.org/@types/qs/-/qs-6.9.11.tgz"
  integrity sha512-oGk0gmhnEJK4Yyk+oI7EfXsLayXatCWPHary1MtcmbAifkobT9cM9yutG/hZKIseOU0MqbIwQ/u2nn/Gb+ltuQ==

"@types/range-parser@*":
  version "1.2.7"
  resolved "https://registry.npmjs.org/@types/range-parser/-/range-parser-1.2.7.tgz"
  integrity sha512-hKormJbkJqzQGhziax5PItDUTMAM9uE2XXQmM37dyd4hVM+5aVl7oVxMVUiVQn2oCQFN/LKCZdvSM0pFRqbSmQ==

"@types/send@*":
  version "0.17.4"
  resolved "https://registry.npmjs.org/@types/send/-/send-0.17.4.tgz"
  integrity sha512-x2EM6TJOybec7c52BX0ZspPodMsQUd5L6PRwOunVyVUhXiBSKf3AezDL8Dgvgt5o0UfKNfuA0eMLr2wLT4AiBA==
  dependencies:
    "@types/mime" "^1"
    "@types/node" "*"

"@types/serve-static@*":
  version "1.15.5"
  resolved "https://registry.npmjs.org/@types/serve-static/-/serve-static-1.15.5.tgz"
  integrity sha512-PDRk21MnK70hja/YF8AHfC7yIsiQHn1rcXx7ijCFBX/k+XQJhQT/gw3xekXKJvx+5SXaMMS8oqQy09Mzvz2TuQ==
  dependencies:
    "@types/http-errors" "*"
    "@types/mime" "*"
    "@types/node" "*"

accepts@~1.3.8:
  version "1.3.8"
  resolved "https://registry.npmjs.org/accepts/-/accepts-1.3.8.tgz"
  integrity sha512-PYAthTa2m2VKxuvSD3DPC/Gy+U+sOA1LAuT8mkmRuvw+NACSaeXEQ+NHcVF7rONl6qcaxV3Uuemwawk+7+SJLw==
  dependencies:
    mime-types "~2.1.34"
    negotiator "0.6.3"

acorn-walk@^8.1.1:
  version "8.3.2"
  resolved "https://registry.npmjs.org/acorn-walk/-/acorn-walk-8.3.2.tgz"
  integrity sha512-cjkyv4OtNCIeqhHrfS81QWXoCBPExR/J62oyEqepVw8WaQeSqpW2uhuLPh1m9eWhDuOo/jUXVTlifvesOWp/4A==

acorn@^8.4.1:
  version "8.11.3"
  resolved "https://registry.npmjs.org/acorn/-/acorn-8.11.3.tgz"
  integrity sha512-Y9rRfJG5jcKOE0CLisYbojUjIrIEE7AGMzA/Sm4BslANhbS+cDMpgBdcPT91oJ7OuJ9hYJBx59RjbhxVnrF8Xg==

arg@^4.1.0:
  version "4.1.3"
  resolved "https://registry.npmjs.org/arg/-/arg-4.1.3.tgz"
  integrity sha512-58S9QDqG0Xx27YwPSt9fJxivjYl432YCwfDMfZ+71RAqUrZef7LrKQZ3LHLOwCS4FLNBplP533Zx895SeOCHvA==

array-flatten@1.1.1:
  version "1.1.1"
  resolved "https://registry.npmjs.org/array-flatten/-/array-flatten-1.1.1.tgz"
  integrity sha512-PCVAQswWemu6UdxsDFFX/+gVeYqKAod3D3UVm91jHwynguOwAvYPhx8nNlM++NqRcK6CxxpUafjmhIdKiHibqg==

atomic-sleep@^1.0.0:
  version "1.0.0"
  resolved "https://registry.yarnpkg.com/atomic-sleep/-/atomic-sleep-1.0.0.tgz#eb85b77a601fc932cfe432c5acd364a9e2c9075b"
  integrity sha512-kNOjDqAh7px0XWNI+4QbzoiR/nTkHAWNud2uvnJquD1/x5a7EQZMJT0AczqK0Qn67oY/TTQ1LbUKajZpp3I9tQ==

body-parser@1.20.3:
  version "1.20.3"
  resolved "https://registry.yarnpkg.com/body-parser/-/body-parser-1.20.3.tgz#1953431221c6fb5cd63c4b36d53fab0928e548c6"
  integrity sha512-7rAxByjUMqQ3/bHJy7D6OGXvx/MMc4IqBn/X0fcM1QUcAItpZrBEYhWGem+tzXH90c+G01ypMcYJBO9Y30203g==
  dependencies:
    bytes "3.1.2"
    content-type "~1.0.5"
    debug "2.6.9"
    depd "2.0.0"
    destroy "1.2.0"
    http-errors "2.0.0"
    iconv-lite "0.4.24"
    on-finished "2.4.1"
    qs "6.13.0"
    raw-body "2.5.2"
    type-is "~1.6.18"
    unpipe "1.0.0"

bytes@3.1.2:
  version "3.1.2"
  resolved "https://registry.npmjs.org/bytes/-/bytes-3.1.2.tgz"
  integrity sha512-/Nf7TyzTx6S3yRJObOAV7956r8cr2+Oj8AC5dt8wSP3BQAoeX58NoHyCU8P8zGkNXStjTSi6fzO6F0pBdcYbEg==

call-bind-apply-helpers@^1.0.1, call-bind-apply-helpers@^1.0.2:
  version "1.0.2"
  resolved "https://registry.yarnpkg.com/call-bind-apply-helpers/-/call-bind-apply-helpers-1.0.2.tgz#4b5428c222be985d79c3d82657479dbe0b59b2d6"
  integrity sha512-Sp1ablJ0ivDkSzjcaJdxEunN5/XvksFJ2sMBFfq6x0ryhQV/2b/KwFe21cMpmHtPOSij8K99/wSfoEuTObmuMQ==
  dependencies:
    es-errors "^1.3.0"
    function-bind "^1.1.2"

call-bind@^1.0.6:
  version "1.0.7"
  resolved "https://registry.npmjs.org/call-bind/-/call-bind-1.0.7.tgz"
  integrity sha512-GHTSNSYICQ7scH7sZ+M2rFopRoLh8t2bLSW6BbgrtLsahOIB5iyAVJf9GjWK3cYTDaMj4XdBpM1cA6pIS0Kv2w==
  dependencies:
    es-define-property "^1.0.0"
    es-errors "^1.3.0"
    function-bind "^1.1.2"
    get-intrinsic "^1.2.4"
    set-function-length "^1.2.1"

call-bound@^1.0.2:
  version "1.0.4"
  resolved "https://registry.yarnpkg.com/call-bound/-/call-bound-1.0.4.tgz#238de935d2a2a692928c538c7ccfa91067fd062a"
  integrity sha512-+ys997U96po4Kx/ABpBCqhA9EuxJaQWDQg7295H4hBphv3IZg0boBKuwYpt4YXp6MZ5AmZQnU/tyMTlRpaSejg==
  dependencies:
    call-bind-apply-helpers "^1.0.2"
    get-intrinsic "^1.3.0"

colorette@^2.0.7:
  version "2.0.20"
  resolved "https://registry.yarnpkg.com/colorette/-/colorette-2.0.20.tgz#9eb793e6833067f7235902fcd3b09917a000a95a"
  integrity sha512-IfEDxwoWIjkeXL1eXcDiow4UbKjhLdq6/EuSVR9GMN7KVH3r9gQ83e73hsz1Nd1T3ijd5xv1wcWRYO+D6kCI2w==

content-disposition@0.5.4:
  version "0.5.4"
  resolved "https://registry.npmjs.org/content-disposition/-/content-disposition-0.5.4.tgz"
  integrity sha512-FveZTNuGw04cxlAiWbzi6zTAL/lhehaWbTtgluJh4/E95DqMwTmha3KZN1aAWA8cFIhHzMZUvLevkw5Rqk+tSQ==
  dependencies:
    safe-buffer "5.2.1"

content-type@~1.0.4, content-type@~1.0.5:
  version "1.0.5"
  resolved "https://registry.npmjs.org/content-type/-/content-type-1.0.5.tgz"
  integrity sha512-nTjqfcBFEipKdXCv4YDQWCfmcLZKm81ldF0pAopTvyrFGVbcR6P/VAAd5G7N+0tTr8QqiU0tFadD6FK4NtJwOA==

cookie-signature@1.0.6:
  version "1.0.6"
  resolved "https://registry.npmjs.org/cookie-signature/-/cookie-signature-1.0.6.tgz"
  integrity sha512-QADzlaHc8icV8I7vbaJXJwod9HWYp8uCqf1xa4OfNu1T7JVxQIrUgOWtHdNDtPiywmFbiS12VjotIXLrKM3orQ==

cookie@0.6.0:
  version "0.6.0"
  resolved "https://registry.yarnpkg.com/cookie/-/cookie-0.6.0.tgz#2798b04b071b0ecbff0dbb62a505a8efa4e19051"
  integrity sha512-U71cyTamuh1CRNCfpGY6to28lxvNwPG4Guz/EVjgf3Jmzv0vlDp1atT9eS5dDjMYHucpHbWns6Lwf3BKz6svdw==

create-require@^1.1.0:
  version "1.1.1"
  resolved "https://registry.npmjs.org/create-require/-/create-require-1.1.1.tgz"
  integrity sha512-dcKFX3jn0MpIaXjisoRvexIJVEKzaq7z2rZKxf+MSr9TkdmHmsU4m2lcLojrj/FHl8mk5VxMmYA+ftRkP/3oKQ==

dateformat@^4.6.3:
  version "4.6.3"
  resolved "https://registry.yarnpkg.com/dateformat/-/dateformat-4.6.3.tgz#556fa6497e5217fedb78821424f8a1c22fa3f4b5"
  integrity sha512-2P0p0pFGzHS5EMnhdxQi7aJN+iMheud0UhG4dlE1DLAlvL8JHjJJTX/CSm4JXwV0Ka5nGk3zC5mcb5bUQUxxMA==

debug@2.6.9:
  version "2.6.9"
  resolved "https://registry.npmjs.org/debug/-/debug-2.6.9.tgz"
  integrity sha512-bC7ElrdJaJnPbAP+1EotYvqZsb3ecl5wi6Bfi6BJTUcNowp6cvspg0jXznRTKDjm/E7AdgFBVeAPVMNcKGsHMA==
  dependencies:
    ms "2.0.0"

define-data-property@^1.1.2:
  version "1.1.4"
  resolved "https://registry.npmjs.org/define-data-property/-/define-data-property-1.1.4.tgz"
  integrity sha512-rBMvIzlpA8v6E+SJZoo++HAYqsLrkg7MSfIinMPFhmkorw7X+dOXVJQs+QT69zGkzMyfDnIMN2Wid1+NbL3T+A==
  dependencies:
    es-define-property "^1.0.0"
    es-errors "^1.3.0"
    gopd "^1.0.1"

depd@2.0.0:
  version "2.0.0"
  resolved "https://registry.npmjs.org/depd/-/depd-2.0.0.tgz"
  integrity sha512-g7nH6P6dyDioJogAAGprGpCtVImJhpPk/roCzdb3fIh61/s/nPsfR6onyMwkCAR/OlC3yBC0lESvUoQEAssIrw==

destroy@1.2.0:
  version "1.2.0"
  resolved "https://registry.npmjs.org/destroy/-/destroy-1.2.0.tgz"
  integrity sha512-2sJGJTaXIIaR1w4iJSNoN0hnMY7Gpc/n8D4qSCJw8QqFWXf7cuAgnEHxBpweaVcPevC2l3KpjYCx3NypQQgaJg==

diff@^4.0.1:
  version "4.0.2"
  resolved "https://registry.npmjs.org/diff/-/diff-4.0.2.tgz"
  integrity sha512-58lmxKSA4BNyLz+HHMUzlOEpg09FV+ev6ZMe3vJihgdxzgcwZ8VoEEPmALCZG9LmqfVoNMMKpttIYTVG6uDY7A==

dunder-proto@^1.0.1:
  version "1.0.1"
  resolved "https://registry.yarnpkg.com/dunder-proto/-/dunder-proto-1.0.1.tgz#d7ae667e1dc83482f8b70fd0f6eefc50da30f58a"
  integrity sha512-KIN/nDJBQRcXw0MLVhZE9iQHmG68qAVIBg9CqmUYjmQIhgij9U5MFvrqkUL5FbtyyzZuOeOt0zdeRe4UY7ct+A==
  dependencies:
    call-bind-apply-helpers "^1.0.1"
    es-errors "^1.3.0"
    gopd "^1.2.0"

ee-first@1.1.1:
  version "1.1.1"
  resolved "https://registry.npmjs.org/ee-first/-/ee-first-1.1.1.tgz"
  integrity sha512-WMwm9LhRUo+WUaRN+vRuETqG89IgZphVSNkdFgeb6sS/E4OrDIN7t48CAewSHXc6C8lefD8KKfr5vY61brQlow==

encodeurl@~1.0.2:
  version "1.0.2"
  resolved "https://registry.npmjs.org/encodeurl/-/encodeurl-1.0.2.tgz"
  integrity sha512-TPJXq8JqFaVYm2CWmPvnP2Iyo4ZSM7/QKcSmuMLDObfpH5fi7RUGmd/rTDf+rut/saiDiQEeVTNgAmJEdAOx0w==

encodeurl@~2.0.0:
  version "2.0.0"
  resolved "https://registry.yarnpkg.com/encodeurl/-/encodeurl-2.0.0.tgz#7b8ea898077d7e409d3ac45474ea38eaf0857a58"
  integrity sha512-Q0n9HRi4m6JuGIV1eFlmvJB7ZEVxu93IrMyiMsGC0lrMJMWzRgx6WGquyfQgZVb31vhGgXnfmPNNXmxnOkRBrg==

end-of-stream@^1.1.0:
  version "1.4.5"
  resolved "https://registry.yarnpkg.com/end-of-stream/-/end-of-stream-1.4.5.tgz#7344d711dea40e0b74abc2ed49778743ccedb08c"
  integrity sha512-ooEGc6HP26xXq/N+GCGOT0JKCLDGrq2bQUZrQ7gyrJiZANJ/8YDTxTpQBXGMn+WbIQXNVpyWymm7KYVICQnyOg==
  dependencies:
    once "^1.4.0"

es-define-property@^1.0.0:
  version "1.0.0"
  resolved "https://registry.npmjs.org/es-define-property/-/es-define-property-1.0.0.tgz"
  integrity sha512-jxayLKShrEqqzJ0eumQbVhTYQM27CfT1T35+gCgDFoL82JLsXqTJ76zv6A0YLOgEnLUMvLzsDsGIrl8NFpT2gQ==
  dependencies:
    get-intrinsic "^1.2.4"

es-define-property@^1.0.1:
  version "1.0.1"
  resolved "https://registry.yarnpkg.com/es-define-property/-/es-define-property-1.0.1.tgz#983eb2f9a6724e9303f61addf011c72e09e0b0fa"
  integrity sha512-e3nRfgfUZ4rNGL232gUgX06QNyyez04KdjFrF+LTRoOXmrOgFKDg4BCdsjW8EnT69eqdYGmRpJwiPVYNrCaW3g==

es-errors@^1.3.0:
  version "1.3.0"
  resolved "https://registry.npmjs.org/es-errors/-/es-errors-1.3.0.tgz"
  integrity sha512-Zf5H2Kxt2xjTvbJvP2ZWLEICxA6j+hAmMzIlypy4xcBg1vKVnx89Wy0GbS+kf5cwCVFFzdCFh2XSCFNULS6csw==

es-object-atoms@^1.0.0, es-object-atoms@^1.1.1:
  version "1.1.1"
  resolved "https://registry.yarnpkg.com/es-object-atoms/-/es-object-atoms-1.1.1.tgz#1c4f2c4837327597ce69d2ca190a7fdd172338c1"
  integrity sha512-FGgH2h8zKNim9ljj7dankFPcICIK9Cp5bm+c2gQSYePhpaG5+esrLODihIorn+Pe6FGJzWhXQotPv73jTaldXA==
  dependencies:
    es-errors "^1.3.0"

escape-html@~1.0.3:
  version "1.0.3"
  resolved "https://registry.npmjs.org/escape-html/-/escape-html-1.0.3.tgz"
  integrity sha512-NiSupZ4OeuGwr68lGIeym/ksIZMJodUGOSCZ/FSnTxcrekbvqrgdUxlJOMpijaKZVjAJrWrGs/6Jy8OMuyj9ow==

etag@~1.8.1:
  version "1.8.1"
  resolved "https://registry.npmjs.org/etag/-/etag-1.8.1.tgz"
  integrity sha512-aIL5Fx7mawVa300al2BnEE4iNvo1qETxLrPI/o05L7z6go7fCw1J6EQmbK4FmJ2AS7kgVF/KEZWufBfdClMcPg==

express@^4.20.0:
  version "4.20.0"
  resolved "https://registry.yarnpkg.com/express/-/express-4.20.0.tgz#f1d08e591fcec770c07be4767af8eb9bcfd67c48"
  integrity sha512-pLdae7I6QqShF5PnNTCVn4hI91Dx0Grkn2+IAsMTgMIKuQVte2dN9PeGSSAME2FR8anOhVA62QDIUaWVfEXVLw==
  dependencies:
    accepts "~1.3.8"
    array-flatten "1.1.1"
    body-parser "1.20.3"
    content-disposition "0.5.4"
    content-type "~1.0.4"
    cookie "0.6.0"
    cookie-signature "1.0.6"
    debug "2.6.9"
    depd "2.0.0"
    encodeurl "~2.0.0"
    escape-html "~1.0.3"
    etag "~1.8.1"
    finalhandler "1.2.0"
    fresh "0.5.2"
    http-errors "2.0.0"
    merge-descriptors "1.0.3"
    methods "~1.1.2"
    on-finished "2.4.1"
    parseurl "~1.3.3"
    path-to-regexp "0.1.10"
    proxy-addr "~2.0.7"
    qs "6.11.0"
    range-parser "~1.2.1"
    safe-buffer "5.2.1"
    send "0.19.0"
    serve-static "1.16.0"
    setprototypeof "1.2.0"
    statuses "2.0.1"
    type-is "~1.6.18"
    utils-merge "1.0.1"
    vary "~1.1.2"

fast-copy@^3.0.2:
  version "3.0.2"
  resolved "https://registry.yarnpkg.com/fast-copy/-/fast-copy-3.0.2.tgz#59c68f59ccbcac82050ba992e0d5c389097c9d35"
  integrity sha512-dl0O9Vhju8IrcLndv2eU4ldt1ftXMqqfgN4H1cpmGV7P6jeB9FwpN9a2c8DPGE1Ys88rNUJVYDHq73CGAGOPfQ==

fast-safe-stringify@^2.1.1:
  version "2.1.1"
  resolved "https://registry.yarnpkg.com/fast-safe-stringify/-/fast-safe-stringify-2.1.1.tgz#c406a83b6e70d9e35ce3b30a81141df30aeba884"
  integrity sha512-W+KJc2dmILlPplD/H4K9l9LcAHAfPtP6BY84uVLXQ6Evcz9Lcg33Y2z1IVblT6xdY54PXYVHEv+0Wpq8Io6zkA==

finalhandler@1.2.0:
  version "1.2.0"
  resolved "https://registry.npmjs.org/finalhandler/-/finalhandler-1.2.0.tgz"
  integrity sha512-5uXcUVftlQMFnWC9qu/svkWv3GTd2PfUhK/3PLkYNAe7FbqJMt3515HaxE6eRL74GdsriiwujiawdaB1BpEISg==
  dependencies:
    debug "2.6.9"
    encodeurl "~1.0.2"
    escape-html "~1.0.3"
    on-finished "2.4.1"
    parseurl "~1.3.3"
    statuses "2.0.1"
    unpipe "~1.0.0"

forwarded@0.2.0:
  version "0.2.0"
  resolved "https://registry.npmjs.org/forwarded/-/forwarded-0.2.0.tgz"
  integrity sha512-buRG0fpBtRHSTCOASe6hD258tEubFoRLb4ZNA6NxMVHNw2gOcwHo9wyablzMzOA5z9xA9L1KNjk/Nt6MT9aYow==

fresh@0.5.2:
  version "0.5.2"
  resolved "https://registry.npmjs.org/fresh/-/fresh-0.5.2.tgz"
  integrity sha512-zJ2mQYM18rEFOudeV4GShTGIQ7RbzA7ozbU9I/XBpm7kqgMywgmylMwXHxZJmkVoYkna9d2pVXVXPdYTP9ej8Q==

function-bind@^1.1.2:
  version "1.1.2"
  resolved "https://registry.npmjs.org/function-bind/-/function-bind-1.1.2.tgz"
  integrity sha512-7XHNxH7qX9xG5mIwxkhumTox/MIRNcOgDrxWsMt2pAr23WHp6MrRlN7FBSFpCpr+oVO0F744iUgR82nJMfG2SA==

get-intrinsic@^1.1.3, get-intrinsic@^1.2.3, get-intrinsic@^1.2.4:
  version "1.2.4"
  resolved "https://registry.npmjs.org/get-intrinsic/-/get-intrinsic-1.2.4.tgz"
  integrity sha512-5uYhsJH8VJBTv7oslg4BznJYhDoRI6waYCxMmCdnTrcCrHA/fCFKoTFz2JKKE0HdDFUF7/oQuhzumXJK7paBRQ==
  dependencies:
    es-errors "^1.3.0"
    function-bind "^1.1.2"
    has-proto "^1.0.1"
    has-symbols "^1.0.3"
    hasown "^2.0.0"

get-intrinsic@^1.2.5, get-intrinsic@^1.3.0:
  version "1.3.0"
  resolved "https://registry.yarnpkg.com/get-intrinsic/-/get-intrinsic-1.3.0.tgz#743f0e3b6964a93a5491ed1bffaae054d7f98d01"
  integrity sha512-9fSjSaos/fRIVIp+xSJlE6lfwhES7LNtKaCBIamHsjr2na1BiABJPo0mOjjz8GJDURarmCPGqaiVg5mfjb98CQ==
  dependencies:
    call-bind-apply-helpers "^1.0.2"
    es-define-property "^1.0.1"
    es-errors "^1.3.0"
    es-object-atoms "^1.1.1"
    function-bind "^1.1.2"
    get-proto "^1.0.1"
    gopd "^1.2.0"
    has-symbols "^1.1.0"
    hasown "^2.0.2"
    math-intrinsics "^1.1.0"

get-proto@^1.0.1:
  version "1.0.1"
  resolved "https://registry.yarnpkg.com/get-proto/-/get-proto-1.0.1.tgz#150b3f2743869ef3e851ec0c49d15b1d14d00ee1"
  integrity sha512-sTSfBjoXBp89JvIKIefqw7U2CCebsc74kiY6awiGogKtoSGbgjYE/G/+l9sF3MWFPNc9IcoOC4ODfKHfxFmp0g==
  dependencies:
    dunder-proto "^1.0.1"
    es-object-atoms "^1.0.0"

gopd@^1.0.1:
  version "1.0.1"
  resolved "https://registry.npmjs.org/gopd/-/gopd-1.0.1.tgz"
  integrity sha512-d65bNlIadxvpb/A2abVdlqKqV563juRnZ1Wtk6s1sIR8uNsXR70xqIzVqxVf1eTqDunwT2MkczEeaezCKTZhwA==
  dependencies:
    get-intrinsic "^1.1.3"

gopd@^1.2.0:
  version "1.2.0"
  resolved "https://registry.yarnpkg.com/gopd/-/gopd-1.2.0.tgz#89f56b8217bdbc8802bd299df6d7f1081d7e51a1"
  integrity sha512-ZUKRh6/kUFoAiTAtTYPZJ3hw9wNxx+BIBOijnlG9PnrJsCcSjs1wyyD6vJpaYtgnzDrKYRSqf3OO6Rfa93xsRg==

has-property-descriptors@^1.0.1:
  version "1.0.2"
  resolved "https://registry.npmjs.org/has-property-descriptors/-/has-property-descriptors-1.0.2.tgz"
  integrity sha512-55JNKuIW+vq4Ke1BjOTjM2YctQIvCT7GFzHwmfZPGo5wnrgkid0YQtnAleFSqumZm4az3n2BS+erby5ipJdgrg==
  dependencies:
    es-define-property "^1.0.0"

has-proto@^1.0.1:
  version "1.0.1"
  resolved "https://registry.npmjs.org/has-proto/-/has-proto-1.0.1.tgz"
  integrity sha512-7qE+iP+O+bgF9clE5+UoBFzE65mlBiVj3tKCrlNQ0Ogwm0BjpT/gK4SlLYDMybDh5I3TCTKnPPa0oMG7JDYrhg==

has-symbols@^1.0.3:
  version "1.0.3"
  resolved "https://registry.npmjs.org/has-symbols/-/has-symbols-1.0.3.tgz"
  integrity sha512-l3LCuF6MgDNwTDKkdYGEihYjt5pRPbEg46rtlmnSPlUbgmB8LOIrKJbYYFBSbnPaJexMKtiPO8hmeRjRz2Td+A==

has-symbols@^1.1.0:
  version "1.1.0"
  resolved "https://registry.yarnpkg.com/has-symbols/-/has-symbols-1.1.0.tgz#fc9c6a783a084951d0b971fe1018de813707a338"
  integrity sha512-1cDNdwJ2Jaohmb3sg4OmKaMBwuC48sYni5HUw2DvsC8LjGTLK9h+eb1X6RyuOHe4hT0ULCW68iomhjUoKUqlPQ==

hasown@^2.0.0:
  version "2.0.1"
  resolved "https://registry.npmjs.org/hasown/-/hasown-2.0.1.tgz"
  integrity sha512-1/th4MHjnwncwXsIW6QMzlvYL9kG5e/CpVvLRZe4XPa8TOUNbCELqmvhDmnkNsAjwaG4+I8gJJL0JBvTTLO9qA==
  dependencies:
    function-bind "^1.1.2"

hasown@^2.0.2:
  version "2.0.2"
  resolved "https://registry.yarnpkg.com/hasown/-/hasown-2.0.2.tgz#003eaf91be7adc372e84ec59dc37252cedb80003"
  integrity sha512-0hJU9SCPvmMzIBdZFqNPXWa6dqh7WdH0cII9y+CyS8rG3nL48Bclra9HmKhVVUHyPWNH5Y7xDwAB7bfgSjkUMQ==
  dependencies:
    function-bind "^1.1.2"

help-me@^5.0.0:
  version "5.0.0"
  resolved "https://registry.yarnpkg.com/help-me/-/help-me-5.0.0.tgz#b1ebe63b967b74060027c2ac61f9be12d354a6f6"
  integrity sha512-7xgomUX6ADmcYzFik0HzAxh/73YlKR9bmFzf51CZwR+b6YtzU2m0u49hQCqV6SvlqIqsaxovfwdvbnsw3b/zpg==

http-errors@2.0.0:
  version "2.0.0"
  resolved "https://registry.npmjs.org/http-errors/-/http-errors-2.0.0.tgz"
  integrity sha512-FtwrG/euBzaEjYeRqOgly7G0qviiXoJWnvEH2Z1plBdXgbyjv34pHTSb9zoeHMyDy33+DWy5Wt9Wo+TURtOYSQ==
  dependencies:
    depd "2.0.0"
    inherits "2.0.4"
    setprototypeof "1.2.0"
    statuses "2.0.1"
    toidentifier "1.0.1"

iconv-lite@0.4.24:
  version "0.4.24"
  resolved "https://registry.npmjs.org/iconv-lite/-/iconv-lite-0.4.24.tgz"
  integrity sha512-v3MXnZAcvnywkTUEZomIActle7RXXeedOR31wwl7VlyoXO4Qi9arvSenNQWne1TcRwhCL1HwLI21bEqdpj8/rA==
  dependencies:
    safer-buffer ">= 2.1.2 < 3"

inherits@2.0.4:
  version "2.0.4"
  resolved "https://registry.npmjs.org/inherits/-/inherits-2.0.4.tgz"
  integrity sha512-k/vGaX4/Yla3WzyMCvTQOXYeIHvqOKtnqBduzTHpzpQZzAskKMhZ2K+EnBiSM9zGSoIFeMpXKxa4dYeZIQqewQ==

ipaddr.js@1.9.1:
  version "1.9.1"
  resolved "https://registry.npmjs.org/ipaddr.js/-/ipaddr.js-1.9.1.tgz"
  integrity sha512-0KI/607xoxSToH7GjN1FfSbLoU0+btTicjsQSWQlh/hZykN8KpmMf7uYwPW3R+akZ6R/w18ZlXSHBYXiYUPO3g==

joycon@^3.1.1:
  version "3.1.1"
  resolved "https://registry.yarnpkg.com/joycon/-/joycon-3.1.1.tgz#bce8596d6ae808f8b68168f5fc69280996894f03"
  integrity sha512-34wB/Y7MW7bzjKRjUKTa46I2Z7eV62Rkhva+KkopW7Qvv/OSWBqvkSY7vusOPrNuZcUG3tApvdVgNB8POj3SPw==

make-error@^1.1.1:
  version "1.3.6"
  resolved "https://registry.npmjs.org/make-error/-/make-error-1.3.6.tgz"
  integrity sha512-s8UhlNe7vPKomQhC1qFelMokr/Sc3AgNbso3n74mVPA5LTZwkB9NlXf4XPamLxJE8h0gh73rM94xvwRT2CVInw==

math-intrinsics@^1.1.0:
  version "1.1.0"
  resolved "https://registry.yarnpkg.com/math-intrinsics/-/math-intrinsics-1.1.0.tgz#a0dd74be81e2aa5c2f27e65ce283605ee4e2b7f9"
  integrity sha512-/IXtbwEk5HTPyEwyKX6hGkYXxM9nbj64B+ilVJnC/R6B0pH5G4V3b0pVbL7DBj4tkhBAppbQUlf6F6Xl9LHu1g==

media-typer@0.3.0:
  version "0.3.0"
  resolved "https://registry.npmjs.org/media-typer/-/media-typer-0.3.0.tgz"
  integrity sha512-dq+qelQ9akHpcOl/gUVRTxVIOkAJ1wR3QAvb4RsVjS8oVoFjDGTc679wJYmUmknUF5HwMLOgb5O+a3KxfWapPQ==

merge-descriptors@1.0.3:
  version "1.0.3"
  resolved "https://registry.yarnpkg.com/merge-descriptors/-/merge-descriptors-1.0.3.tgz#d80319a65f3c7935351e5cfdac8f9318504dbed5"
  integrity sha512-gaNvAS7TZ897/rVaZ0nMtAyxNyi/pdbjbAwUpFQpN70GqnVfOiXpeUUMKRBmzXaSQ8DdTX4/0ms62r2K+hE6mQ==

methods@~1.1.2:
  version "1.1.2"
  resolved "https://registry.npmjs.org/methods/-/methods-1.1.2.tgz"
  integrity sha512-iclAHeNqNm68zFtnZ0e+1L2yUIdvzNoauKU4WBA3VvH/vPFieF7qfRlwUZU+DA9P9bPXIS90ulxoUoCH23sV2w==

mime-db@1.52.0:
  version "1.52.0"
  resolved "https://registry.npmjs.org/mime-db/-/mime-db-1.52.0.tgz"
  integrity sha512-sPU4uV7dYlvtWJxwwxHD0PuihVNiE7TyAbQ5SWxDCB9mUYvOgroQOwYQQOKPJ8CIbE+1ETVlOoK1UC2nU3gYvg==

mime-types@~2.1.24, mime-types@~2.1.34:
  version "2.1.35"
  resolved "https://registry.npmjs.org/mime-types/-/mime-types-2.1.35.tgz"
  integrity sha512-ZDY+bPm5zTTF+YpCrAU9nK0UgICYPT0QtT1NZWFv4s++TNkcgVaT0g6+4R2uI4MjQjzysHB1zxuWL50hzaeXiw==
  dependencies:
    mime-db "1.52.0"

mime@1.6.0:
  version "1.6.0"
  resolved "https://registry.npmjs.org/mime/-/mime-1.6.0.tgz"
  integrity sha512-x0Vn8spI+wuJ1O6S7gnbaQg8Pxh4NNHb7KSINmEWKiPE4RKOplvijn+NkmYmmRgP68mc70j2EbeTFRsrswaQeg==

minimist@^1.2.6:
  version "1.2.8"
  resolved "https://registry.yarnpkg.com/minimist/-/minimist-1.2.8.tgz#c1a464e7693302e082a075cee0c057741ac4772c"
  integrity sha512-2yyAR8qBkN3YuheJanUpWC5U3bb5osDywNB8RzDVlDwDHbocAJveqqj1u8+SVD7jkWT4yvsHCpWqqWqAxb0zCA==

ms@2.0.0:
  version "2.0.0"
  resolved "https://registry.npmjs.org/ms/-/ms-2.0.0.tgz"
  integrity sha512-Tpp60P6IUJDTuOq/5Z8cdskzJujfwqfOTkrwIwj7IRISpnkJnT6SyJ4PCPnGMoFjC9ddhal5KVIYtAt97ix05A==

ms@2.1.3:
  version "2.1.3"
  resolved "https://registry.npmjs.org/ms/-/ms-2.1.3.tgz"
  integrity sha512-6FlzubTLZG3J2a/NVCAleEhjzq5oxgHyaCU9yYXvcLsvoVaHJq/s5xXI6/XXP6tz7R9xAOtHnSO/tXtF3WRTlA==

negotiator@0.6.3:
  version "0.6.3"
  resolved "https://registry.npmjs.org/negotiator/-/negotiator-0.6.3.tgz"
  integrity sha512-+EUsqGPLsM+j/zdChZjsnX51g4XrHFOIXwfnCVPGlQk/k5giakcKsuxCObBRu6DSm9opw/O6slWbJdghQM4bBg==

object-inspect@^1.13.1:
  version "1.13.1"
  resolved "https://registry.npmjs.org/object-inspect/-/object-inspect-1.13.1.tgz"
  integrity sha512-5qoj1RUiKOMsCCNLV1CBiPYE10sziTsnmNxkAI/rZhiD63CF7IqdFGC/XzjWjpSgLf0LxXX3bDFIh0E18f6UhQ==

object-inspect@^1.13.3:
  version "1.13.4"
  resolved "https://registry.yarnpkg.com/object-inspect/-/object-inspect-1.13.4.tgz#8375265e21bc20d0fa582c22e1b13485d6e00213"
  integrity sha512-W67iLl4J2EXEGTbfeHCffrjDfitvLANg0UlX3wFUUSTx92KXRFegMHUVgSqE+wvhAbi4WqjGg9czysTV2Epbew==

on-exit-leak-free@^2.1.0:
  version "2.1.2"
  resolved "https://registry.yarnpkg.com/on-exit-leak-free/-/on-exit-leak-free-2.1.2.tgz#fed195c9ebddb7d9e4c3842f93f281ac8dadd3b8"
  integrity sha512-0eJJY6hXLGf1udHwfNftBqH+g73EU4B504nZeKpz1sYRKafAghwxEJunB2O7rDZkL4PGfsMVnTXZ2EjibbqcsA==

on-finished@2.4.1:
  version "2.4.1"
  resolved "https://registry.npmjs.org/on-finished/-/on-finished-2.4.1.tgz"
  integrity sha512-oVlzkg3ENAhCk2zdv7IJwd/QUD4z2RxRwpkcGY8psCVcCYZNq4wYnVWALHM+brtuJjePWiYF/ClmuDr8Ch5+kg==
  dependencies:
    ee-first "1.1.1"

once@^1.3.1, once@^1.4.0:
  version "1.4.0"
  resolved "https://registry.yarnpkg.com/once/-/once-1.4.0.tgz#583b1aa775961d4b113ac17d9c50baef9dd76bd1"
  integrity sha512-lNaJgI+2Q5URQBkccEKHTQOPaXdUxnZZElQTZY0MFUAuaEqe1E+Nyvgdz/aIyNi6Z9MzO5dv1H8n58/GELp3+w==
  dependencies:
    wrappy "1"

parseurl@~1.3.3:
  version "1.3.3"
  resolved "https://registry.npmjs.org/parseurl/-/parseurl-1.3.3.tgz"
  integrity sha512-CiyeOxFT/JZyN5m0z9PfXw4SCBJ6Sygz1Dpl0wqjlhDEGGBP1GnsUVEL0p63hoG1fcj3fHynXi9NYO4nWOL+qQ==

path-to-regexp@0.1.10:
  version "0.1.10"
  resolved "https://registry.yarnpkg.com/path-to-regexp/-/path-to-regexp-0.1.10.tgz#67e9108c5c0551b9e5326064387de4763c4d5f8b"
  integrity sha512-7lf7qcQidTku0Gu3YDPc8DJ1q7OOucfa/BSsIwjuh56VU7katFvuM8hULfkwB3Fns/rsVF7PwPKVw1sl5KQS9w==

pino-abstract-transport@^2.0.0:
  version "2.0.0"
  resolved "https://registry.yarnpkg.com/pino-abstract-transport/-/pino-abstract-transport-2.0.0.tgz#de241578406ac7b8a33ce0d77ae6e8a0b3b68a60"
  integrity sha512-F63x5tizV6WCh4R6RHyi2Ml+M70DNRXt/+HANowMflpgGFMAym/VKm6G7ZOQRjqN7XbGxK1Lg9t6ZrtzOaivMw==
  dependencies:
    split2 "^4.0.0"

pino-pretty@^13.0.0:
  version "13.1.2"
  resolved "https://registry.yarnpkg.com/pino-pretty/-/pino-pretty-13.1.2.tgz#4e7484f2c5d02cce03159b96aa04697bf9e84ff6"
  integrity sha512-3cN0tCakkT4f3zo9RXDIhy6GTvtYD6bK4CRBLN9j3E/ePqN1tugAXD5rGVfoChW6s0hiek+eyYlLNqc/BG7vBQ==
  dependencies:
    colorette "^2.0.7"
    dateformat "^4.6.3"
    fast-copy "^3.0.2"
    fast-safe-stringify "^2.1.1"
    help-me "^5.0.0"
    joycon "^3.1.1"
    minimist "^1.2.6"
    on-exit-leak-free "^2.1.0"
    pino-abstract-transport "^2.0.0"
    pump "^3.0.0"
    secure-json-parse "^4.0.0"
    sonic-boom "^4.0.1"
    strip-json-comments "^5.0.2"

pino-std-serializers@^7.0.0:
  version "7.0.0"
  resolved "https://registry.yarnpkg.com/pino-std-serializers/-/pino-std-serializers-7.0.0.tgz#7c625038b13718dbbd84ab446bd673dc52259e3b"
  integrity sha512-e906FRY0+tV27iq4juKzSYPbUj2do2X2JX4EzSca1631EB2QJQUqGbDuERal7LCtOpxl6x3+nvo9NPZcmjkiFA==

pino@^10.0.0:
  version "10.0.0"
  resolved "https://registry.yarnpkg.com/pino/-/pino-10.0.0.tgz#3d1a8abc7a700142edebf02a7b291834da199fbe"
  integrity sha512-eI9pKwWEix40kfvSzqEP6ldqOoBIN7dwD/o91TY5z8vQI12sAffpR/pOqAD1IVVwIVHDpHjkq0joBPdJD0rafA==
  dependencies:
    atomic-sleep "^1.0.0"
    on-exit-leak-free "^2.1.0"
    pino-abstract-transport "^2.0.0"
    pino-std-serializers "^7.0.0"
    process-warning "^5.0.0"
    quick-format-unescaped "^4.0.3"
    real-require "^0.2.0"
    safe-stable-stringify "^2.3.1"
    slow-redact "^0.3.0"
    sonic-boom "^4.0.1"
    thread-stream "^3.0.0"

process-warning@^5.0.0:
  version "5.0.0"
  resolved "https://registry.yarnpkg.com/process-warning/-/process-warning-5.0.0.tgz#566e0bf79d1dff30a72d8bbbe9e8ecefe8d378d7"
  integrity sha512-a39t9ApHNx2L4+HBnQKqxxHNs1r7KF+Intd8Q/g1bUh6q0WIp9voPXJ/x0j+ZL45KF1pJd9+q2jLIRMfvEshkA==

proxy-addr@~2.0.7:
  version "2.0.7"
  resolved "https://registry.npmjs.org/proxy-addr/-/proxy-addr-2.0.7.tgz"
  integrity sha512-llQsMLSUDUPT44jdrU/O37qlnifitDP+ZwrmmZcoSKyLKvtZxpyV0n2/bD/N4tBAAZ/gJEdZU7KMraoK1+XYAg==
  dependencies:
    forwarded "0.2.0"
    ipaddr.js "1.9.1"

pump@^3.0.0:
  version "3.0.3"
  resolved "https://registry.yarnpkg.com/pump/-/pump-3.0.3.tgz#151d979f1a29668dc0025ec589a455b53282268d"
  integrity sha512-todwxLMY7/heScKmntwQG8CXVkWUOdYxIvY2s0VWAAMh/nd8SoYiRaKjlr7+iCs984f2P8zvrfWcDDYVb73NfA==
  dependencies:
    end-of-stream "^1.1.0"
    once "^1.3.1"

qs@6.11.0:
  version "6.11.0"
  resolved "https://registry.npmjs.org/qs/-/qs-6.11.0.tgz"
  integrity sha512-MvjoMCJwEarSbUYk5O+nmoSzSutSsTwF85zcHPQ9OrlFoZOYIjaqBAJIqIXjptyD5vThxGq52Xu/MaJzRkIk4Q==
  dependencies:
    side-channel "^1.0.4"

qs@6.13.0:
  version "6.13.0"
  resolved "https://registry.yarnpkg.com/qs/-/qs-6.13.0.tgz#6ca3bd58439f7e245655798997787b0d88a51906"
  integrity sha512-+38qI9SOr8tfZ4QmJNplMUxqjbe7LKvvZgWdExBOmd+egZTtjLB67Gu0HRX3u/XOq7UU2Nx6nsjvS16Z9uwfpg==
  dependencies:
    side-channel "^1.0.6"

quick-format-unescaped@^4.0.3:
  version "4.0.4"
  resolved "https://registry.yarnpkg.com/quick-format-unescaped/-/quick-format-unescaped-4.0.4.tgz#93ef6dd8d3453cbc7970dd614fad4c5954d6b5a7"
  integrity sha512-tYC1Q1hgyRuHgloV/YXs2w15unPVh8qfu/qCTfhTYamaw7fyhumKa2yGpdSo87vY32rIclj+4fWYQXUMs9EHvg==

range-parser@~1.2.1:
  version "1.2.1"
  resolved "https://registry.npmjs.org/range-parser/-/range-parser-1.2.1.tgz"
  integrity sha512-Hrgsx+orqoygnmhFbKaHE6c296J+HTAQXoxEF6gNupROmmGJRoyzfG3ccAveqCBrwr/2yxQ5BVd/GTl5agOwSg==

raw-body@2.5.2:
  version "2.5.2"
  resolved "https://registry.yarnpkg.com/raw-body/-/raw-body-2.5.2.tgz#99febd83b90e08975087e8f1f9419a149366b68a"
  integrity sha512-8zGqypfENjCIqGhgXToC8aB2r7YrBX+AQAfIPs/Mlk+BtPTztOvTS01NRW/3Eh60J+a48lt8qsCzirQ6loCVfA==
  dependencies:
    bytes "3.1.2"
    http-errors "2.0.0"
    iconv-lite "0.4.24"
    unpipe "1.0.0"

real-require@^0.2.0:
  version "0.2.0"
  resolved "https://registry.yarnpkg.com/real-require/-/real-require-0.2.0.tgz#209632dea1810be2ae063a6ac084fee7e33fba78"
  integrity sha512-57frrGM/OCTLqLOAh0mhVA9VBMHd+9U7Zb2THMGdBUoZVOtGbJzjxsYGDJ3A9AYYCP4hn6y1TVbaOfzWtm5GFg==

safe-buffer@5.2.1:
  version "5.2.1"
  resolved "https://registry.npmjs.org/safe-buffer/-/safe-buffer-5.2.1.tgz"
  integrity sha512-rp3So07KcdmmKbGvgaNxQSJr7bGVSVk5S9Eq1F+ppbRo70+YeaDxkw5Dd8NPN+GD6bjnYm2VuPuCXmpuYvmCXQ==

safe-stable-stringify@^2.3.1:
  version "2.5.0"
  resolved "https://registry.yarnpkg.com/safe-stable-stringify/-/safe-stable-stringify-2.5.0.tgz#4ca2f8e385f2831c432a719b108a3bf7af42a1dd"
  integrity sha512-b3rppTKm9T+PsVCBEOUR46GWI7fdOs00VKZ1+9c1EWDaDMvjQc6tUwuFyIprgGgTcWoVHSKrU8H31ZHA2e0RHA==

"safer-buffer@>= 2.1.2 < 3":
  version "2.1.2"
  resolved "https://registry.npmjs.org/safer-buffer/-/safer-buffer-2.1.2.tgz"
  integrity sha512-YZo3K82SD7Riyi0E1EQPojLz7kpepnSQI9IyPbHHg1XXXevb5dJI7tpyN2ADxGcQbHG7vcyRHk0cbwqcQriUtg==

secure-json-parse@^4.0.0:
  version "4.1.0"
  resolved "https://registry.yarnpkg.com/secure-json-parse/-/secure-json-parse-4.1.0.tgz#4f1ab41c67a13497ea1b9131bb4183a22865477c"
  integrity sha512-l4KnYfEyqYJxDwlNVyRfO2E4NTHfMKAWdUuA8J0yve2Dz/E/PdBepY03RvyJpssIpRFwJoCD55wA+mEDs6ByWA==

send@0.18.0:
  version "0.18.0"
  resolved "https://registry.npmjs.org/send/-/send-0.18.0.tgz"
  integrity sha512-qqWzuOjSFOuqPjFe4NOsMLafToQQwBSOEpS+FwEt3A2V3vKubTquT3vmLTQpFgMXp8AlFWFuP1qKaJZOtPpVXg==
  dependencies:
    debug "2.6.9"
    depd "2.0.0"
    destroy "1.2.0"
    encodeurl "~1.0.2"
    escape-html "~1.0.3"
    etag "~1.8.1"
    fresh "0.5.2"
    http-errors "2.0.0"
    mime "1.6.0"
    ms "2.1.3"
    on-finished "2.4.1"
    range-parser "~1.2.1"
    statuses "2.0.1"

send@0.19.0:
  version "0.19.0"
  resolved "https://registry.yarnpkg.com/send/-/send-0.19.0.tgz#bbc5a388c8ea6c048967049dbeac0e4a3f09d7f8"
  integrity sha512-dW41u5VfLXu8SJh5bwRmyYUbAoSB3c9uQh6L8h/KtsFREPWpbX1lrljJo186Jc4nmci/sGUZ9a0a0J2zgfq2hw==
  dependencies:
    debug "2.6.9"
    depd "2.0.0"
    destroy "1.2.0"
    encodeurl "~1.0.2"
    escape-html "~1.0.3"
    etag "~1.8.1"
    fresh "0.5.2"
    http-errors "2.0.0"
    mime "1.6.0"
    ms "2.1.3"
    on-finished "2.4.1"
    range-parser "~1.2.1"
    statuses "2.0.1"

serve-static@1.16.0:
  version "1.16.0"
  resolved "https://registry.yarnpkg.com/serve-static/-/serve-static-1.16.0.tgz#2bf4ed49f8af311b519c46f272bf6ac3baf38a92"
  integrity sha512-pDLK8zwl2eKaYrs8mrPZBJua4hMplRWJ1tIFksVC3FtBEBnl8dxgeHtsaMS8DhS9i4fLObaon6ABoc4/hQGdPA==
  dependencies:
    encodeurl "~1.0.2"
    escape-html "~1.0.3"
    parseurl "~1.3.3"
    send "0.18.0"

set-function-length@^1.2.1:
  version "1.2.1"
  resolved "https://registry.npmjs.org/set-function-length/-/set-function-length-1.2.1.tgz"
  integrity sha512-j4t6ccc+VsKwYHso+kElc5neZpjtq9EnRICFZtWyBsLojhmeF/ZBd/elqm22WJh/BziDe/SBiOeAt0m2mfLD0g==
  dependencies:
    define-data-property "^1.1.2"
    es-errors "^1.3.0"
    function-bind "^1.1.2"
    get-intrinsic "^1.2.3"
    gopd "^1.0.1"
    has-property-descriptors "^1.0.1"

setprototypeof@1.2.0:
  version "1.2.0"
  resolved "https://registry.npmjs.org/setprototypeof/-/setprototypeof-1.2.0.tgz"
  integrity sha512-E5LDX7Wrp85Kil5bhZv46j8jOeboKq5JMmYM3gVGdGH8xFpPWXUMsNrlODCrkoxMEeNi/XZIwuRvY4XNwYMJpw==

side-channel-list@^1.0.0:
  version "1.0.0"
  resolved "https://registry.yarnpkg.com/side-channel-list/-/side-channel-list-1.0.0.tgz#10cb5984263115d3b7a0e336591e290a830af8ad"
  integrity sha512-FCLHtRD/gnpCiCHEiJLOwdmFP+wzCmDEkc9y7NsYxeF4u7Btsn1ZuwgwJGxImImHicJArLP4R0yX4c2KCrMrTA==
  dependencies:
    es-errors "^1.3.0"
    object-inspect "^1.13.3"

side-channel-map@^1.0.1:
  version "1.0.1"
  resolved "https://registry.yarnpkg.com/side-channel-map/-/side-channel-map-1.0.1.tgz#d6bb6b37902c6fef5174e5f533fab4c732a26f42"
  integrity sha512-VCjCNfgMsby3tTdo02nbjtM/ewra6jPHmpThenkTYh8pG9ucZ/1P8So4u4FGBek/BjpOVsDCMoLA/iuBKIFXRA==
  dependencies:
    call-bound "^1.0.2"
    es-errors "^1.3.0"
    get-intrinsic "^1.2.5"
    object-inspect "^1.13.3"

side-channel-weakmap@^1.0.2:
  version "1.0.2"
  resolved "https://registry.yarnpkg.com/side-channel-weakmap/-/side-channel-weakmap-1.0.2.tgz#11dda19d5368e40ce9ec2bdc1fb0ecbc0790ecea"
  integrity sha512-WPS/HvHQTYnHisLo9McqBHOJk2FkHO/tlpvldyrnem4aeQp4hai3gythswg6p01oSoTl58rcpiFAjF2br2Ak2A==
  dependencies:
    call-bound "^1.0.2"
    es-errors "^1.3.0"
    get-intrinsic "^1.2.5"
    object-inspect "^1.13.3"
    side-channel-map "^1.0.1"

side-channel@^1.0.4:
  version "1.0.5"
  resolved "https://registry.npmjs.org/side-channel/-/side-channel-1.0.5.tgz"
  integrity sha512-QcgiIWV4WV7qWExbN5llt6frQB/lBven9pqliLXfGPB+K9ZYXxDozp0wLkHS24kWCm+6YXH/f0HhnObZnZOBnQ==
  dependencies:
    call-bind "^1.0.6"
    es-errors "^1.3.0"
    get-intrinsic "^1.2.4"
    object-inspect "^1.13.1"

side-channel@^1.0.6:
  version "1.1.0"
  resolved "https://registry.yarnpkg.com/side-channel/-/side-channel-1.1.0.tgz#c3fcff9c4da932784873335ec9765fa94ff66bc9"
  integrity sha512-ZX99e6tRweoUXqR+VBrslhda51Nh5MTQwou5tnUDgbtyM0dBgmhEDtWGP/xbKn6hqfPRHujUNwz5fy/wbbhnpw==
  dependencies:
    es-errors "^1.3.0"
    object-inspect "^1.13.3"
    side-channel-list "^1.0.0"
    side-channel-map "^1.0.1"
    side-channel-weakmap "^1.0.2"

slow-redact@^0.3.0:
  version "0.3.2"
  resolved "https://registry.yarnpkg.com/slow-redact/-/slow-redact-0.3.2.tgz#d06e25195aa5c492d32631c53d9ae86043b8b0e2"
  integrity sha512-MseHyi2+E/hBRqdOi5COy6wZ7j7DxXRz9NkseavNYSvvWC06D8a5cidVZX3tcG5eCW3NIyVU4zT63hw0Q486jw==

sonic-boom@^4.0.1:
  version "4.2.0"
  resolved "https://registry.yarnpkg.com/sonic-boom/-/sonic-boom-4.2.0.tgz#e59a525f831210fa4ef1896428338641ac1c124d"
  integrity sha512-INb7TM37/mAcsGmc9hyyI6+QR3rR1zVRu36B0NeGXKnOOLiZOfER5SA+N7X7k3yUYRzLWafduTDvJAfDswwEww==
  dependencies:
    atomic-sleep "^1.0.0"

split2@^4.0.0:
  version "4.2.0"
  resolved "https://registry.yarnpkg.com/split2/-/split2-4.2.0.tgz#c9c5920904d148bab0b9f67145f245a86aadbfa4"
  integrity sha512-UcjcJOWknrNkF6PLX83qcHM6KHgVKNkV62Y8a5uYDVv9ydGQVwAHMKqHdJje1VTWpljG0WYpCDhrCdAOYH4TWg==

statuses@2.0.1:
  version "2.0.1"
  resolved "https://registry.npmjs.org/statuses/-/statuses-2.0.1.tgz"
  integrity sha512-RwNA9Z/7PrK06rYLIzFMlaF+l73iwpzsqRIFgbMLbTcLD6cOao82TaWefPXQvB2fOC4AjuYSEndS7N/mTCbkdQ==

strip-json-comments@^5.0.2:
  version "5.0.3"
  resolved "https://registry.yarnpkg.com/strip-json-comments/-/strip-json-comments-5.0.3.tgz#b7304249dd402ee67fd518ada993ab3593458bcf"
  integrity sha512-1tB5mhVo7U+ETBKNf92xT4hrQa3pm0MZ0PQvuDnWgAAGHDsfp4lPSpiS6psrSiet87wyGPh9ft6wmhOMQ0hDiw==

thread-stream@^3.0.0:
  version "3.1.0"
  resolved "https://registry.yarnpkg.com/thread-stream/-/thread-stream-3.1.0.tgz#4b2ef252a7c215064507d4ef70c05a5e2d34c4f1"
  integrity sha512-OqyPZ9u96VohAyMfJykzmivOrY2wfMSf3C5TtFJVgN+Hm6aj+voFhlK+kZEIv2FBh1X6Xp3DlnCOfEQ3B2J86A==
  dependencies:
    real-require "^0.2.0"

toidentifier@1.0.1:
  version "1.0.1"
  resolved "https://registry.npmjs.org/toidentifier/-/toidentifier-1.0.1.tgz"
  integrity sha512-o5sSPKEkg/DIQNmH43V0/uerLrpzVedkUh8tGNvaeXpfpuwjKenlSox/2O/BTlZUtEe+JG7s5YhEz608PlAHRA==

ts-node@^10.9.2:
  version "10.9.2"
  resolved "https://registry.npmjs.org/ts-node/-/ts-node-10.9.2.tgz"
  integrity sha512-f0FFpIdcHgn8zcPSbf1dRevwt047YMnaiJM3u2w2RewrB+fob/zePZcrOyQoLMMO7aBIddLcQIEK5dYjkLnGrQ==
  dependencies:
    "@cspotcode/source-map-support" "^0.8.0"
    "@tsconfig/node10" "^1.0.7"
    "@tsconfig/node12" "^1.0.7"
    "@tsconfig/node14" "^1.0.0"
    "@tsconfig/node16" "^1.0.2"
    acorn "^8.4.1"
    acorn-walk "^8.1.1"
    arg "^4.1.0"
    create-require "^1.1.0"
    diff "^4.0.1"
    make-error "^1.1.1"
    v8-compile-cache-lib "^3.0.1"
    yn "3.1.1"

type-is@~1.6.18:
  version "1.6.18"
  resolved "https://registry.npmjs.org/type-is/-/type-is-1.6.18.tgz"
  integrity sha512-TkRKr9sUTxEH8MdfuCSP7VizJyzRNMjj2J2do2Jr3Kym598JVdEksuzPQCnlFPW4ky9Q+iA+ma9BGm06XQBy8g==
  dependencies:
    media-typer "0.3.0"
    mime-types "~2.1.24"

undici-types@~5.26.4:
  version "5.26.5"
  resolved "https://registry.npmjs.org/undici-types/-/undici-types-5.26.5.tgz"
  integrity sha512-JlCMO+ehdEIKqlFxk6IfVoAUVmgz7cU7zD/h9XZ0qzeosSHmUJVOzSQvvYSYWXkFXC+IfLKSIffhv0sVZup6pA==

unpipe@1.0.0, unpipe@~1.0.0:
  version "1.0.0"
  resolved "https://registry.npmjs.org/unpipe/-/unpipe-1.0.0.tgz"
  integrity sha512-pjy2bYhSsufwWlKwPc+l3cN7+wuJlK6uz0YdJEOlQDbl6jo/YlPi4mb8agUkVC8BF7V8NuzeyPNqRksA3hztKQ==

utils-merge@1.0.1:
  version "1.0.1"
  resolved "https://registry.npmjs.org/utils-merge/-/utils-merge-1.0.1.tgz"
  integrity sha512-pMZTvIkT1d+TFGvDOqodOclx0QWkkgi6Tdoa8gC8ffGAAqz9pzPTZWAybbsHHoED/ztMtkv/VoYTYyShUn81hA==

v8-compile-cache-lib@^3.0.1:
  version "3.0.1"
  resolved "https://registry.npmjs.org/v8-compile-cache-lib/-/v8-compile-cache-lib-3.0.1.tgz"
  integrity sha512-wa7YjyUGfNZngI/vtK0UHAN+lgDCxBPCylVXGp0zu59Fz5aiGtNXaq3DhIov063MorB+VfufLh3JlF2KdTK3xg==

vary@~1.1.2:
  version "1.1.2"
  resolved "https://registry.npmjs.org/vary/-/vary-1.1.2.tgz"
  integrity sha512-BNGbWLfd0eUPabhkXUVm0j8uuvREyTh5ovRa/dyow/BqAbZJyC+5fU+IzQOzmAKzYqYRAISoRhdQr3eIZ/PXqg==

wrappy@1:
  version "1.0.2"
  resolved "https://registry.yarnpkg.com/wrappy/-/wrappy-1.0.2.tgz#b5243d8f3ec1aa35f1364605bc0d1036e30ab69f"
  integrity sha512-l4Sp/DRseor9wL6EvV2+TuQn63dMkPjZ/sp9XkghTEbV9KlPS1xUsZ3u7/IQO4wxtcFB4bgpQPRcR3QCvezPcQ==

yn@3.1.1:
  version "3.1.1"
  resolved "https://registry.npmjs.org/yn/-/yn-3.1.1.tgz"
  integrity sha512-Ux4ygGWsu2c7isFWe8Yu1YluJmqVhxqK2cLXNQA5AcC3QfbGNpM7fu0Y8b/z16pXLnFxZYvWhd3fhBY9DLmC6Q==
