{
  "name": "hello-node",
  "version": "0.0.1",
  "lockfileVersion": 3,
  "requires": true,
  "packages": {
    "": {
      "name": "hello-node",
      "version": "0.0.1",
      "license": "Apache-2.0",
      "dependencies": {
        "@opentelemetry/api": "^1.7.0",
        "@opentelemetry/instrumentation-http": "~0.46.0"
      }
    },
    "../../dist/src": {
      "extraneous": true
    },
    "../../packages/node-opentelemetry/build": {
      "name": "@hyperdx/node-opentelemetry",
      "version": "0.4.2",
      "extraneous": true,
      "license": "MIT",
      "dependencies": {
        "@hyperdx/node-logger": "~0.3.0",
        "@opentelemetry/api": "^1.6.0",
        "@opentelemetry/auto-instrumentations-node": "~0.37.1",
        "@opentelemetry/core": "~1.15.2",
        "@opentelemetry/exporter-metrics-otlp-proto": "~0.41.2",
        "@opentelemetry/exporter-trace-otlp-proto": "~0.41.2",
        "@opentelemetry/instrumentation": "~0.40.0",
        "@opentelemetry/instrumentation-http": "~0.40.0",
        "@opentelemetry/instrumentation-net": "~0.32.4",
        "@opentelemetry/sdk-metrics": "~1.17.0",
        "@opentelemetry/sdk-node": "~0.41.2",
        "@opentelemetry/sdk-trace-base": "~1.15.2",
        "@opentelemetry/semantic-conventions": "~1.17.0",
        "debug": "^4.3.4",
        "lodash": "^4.17.21",
        "shimmer": "^1.2.1",
        "tslib": "^2.5.3"
      },
      "bin": {
        "opentelemetry-instrument": "build/bin/opentelemetry-instrument.js"
      },
      "devDependencies": {
        "@koa/router": "^12.0.0",
        "compression": "^1.7.4",
        "express": "^4.18.2",
        "koa": "^2.14.2",
        "pino": "^8.14.1"
      }
    },
    "node_modules/@opentelemetry/api": {
      "version": "1.7.0",
      "resolved": "https://registry.npmjs.org/@opentelemetry/api/-/api-1.7.0.tgz",
      "integrity": "sha512-AdY5wvN0P2vXBi3b29hxZgSFvdhdxPB9+f0B6s//P9Q8nibRWeA3cHm8UmLpio9ABigkVHJ5NMPk+Mz8VCCyrw==",
      "engines": {
        "node": ">=8.0.0"
      }
    },
    "node_modules/@opentelemetry/core": {
      "version": "1.19.0",
      "resolved": "https://registry.npmjs.org/@opentelemetry/core/-/core-1.19.0.tgz",
      "integrity": "sha512-w42AukJh3TP8R0IZZOVJVM/kMWu8g+lm4LzT70WtuKqhwq7KVhcDzZZuZinWZa6TtQCl7Smt2wolEYzpHabOgw==",
      "dependencies": {
        "@opentelemetry/semantic-conventions": "1.19.0"
      },
      "engines": {
        "node": ">=14"
      },
      "peerDependencies": {
        "@opentelemetry/api": ">=1.0.0 <1.8.0"
      }
    },
    "node_modules/@opentelemetry/instrumentation": {
      "version": "0.46.0",
      "resolved": "https://registry.npmjs.org/@opentelemetry/instrumentation/-/instrumentation-0.46.0.tgz",
      "integrity": "sha512-a9TijXZZbk0vI5TGLZl+0kxyFfrXHhX6Svtz7Pp2/VBlCSKrazuULEyoJQrOknJyFWNMEmbbJgOciHCCpQcisw==",
      "dependencies": {
        "@types/shimmer": "^1.0.2",
        "import-in-the-middle": "1.7.1",
        "require-in-the-middle": "^7.1.1",
        "semver": "^7.5.2",
        "shimmer": "^1.2.1"
      },
      "engines": {
        "node": ">=14"
      },
      "peerDependencies": {
        "@opentelemetry/api": "^1.3.0"
      }
    },
    "node_modules/@opentelemetry/instrumentation-http": {
      "version": "0.46.0",
      "resolved": "https://registry.npmjs.org/@opentelemetry/instrumentation-http/-/instrumentation-http-0.46.0.tgz",
      "integrity": "sha512-t5cxgqfV9AcxVP00/OL1ggkOSZM57VXDpvlWaOidYyyfLKcUJ9e2fGbNwoVsGFboRDeH0iFo7gLA3EEvX13wCA==",
      "dependencies": {
        "@opentelemetry/core": "1.19.0",
        "@opentelemetry/instrumentation": "0.46.0",
        "@opentelemetry/semantic-conventions": "1.19.0",
        "semver": "^7.5.2"
      },
      "engines": {
        "node": ">=14"
      },
      "peerDependencies": {
        "@opentelemetry/api": "^1.3.0"
      }
    },
    "node_modules/@opentelemetry/semantic-conventions": {
      "version": "1.19.0",
      "resolved": "https://registry.npmjs.org/@opentelemetry/semantic-conventions/-/semantic-conventions-1.19.0.tgz",
      "integrity": "sha512-14jRpC8f5c0gPSwoZ7SbEJni1PqI+AhAE8m1bMz6v+RPM4OlP1PT2UHBJj5Qh/ALLPjhVU/aZUK3YyjTUqqQVg==",
      "engines": {
        "node": ">=14"
      }
    },
    "node_modules/@types/shimmer": {
      "version": "1.0.5",
      "resolved": "https://registry.npmjs.org/@types/shimmer/-/shimmer-1.0.5.tgz",
      "integrity": "sha512-9Hp0ObzwwO57DpLFF0InUjUm/II8GmKAvzbefxQTihCb7KI6yc9yzf0nLc4mVdby5N4DRCgQM2wCup9KTieeww=="
    },
    "node_modules/acorn": {
      "version": "8.11.3",
      "resolved": "https://registry.npmjs.org/acorn/-/acorn-8.11.3.tgz",
      "integrity": "sha512-Y9rRfJG5jcKOE0CLisYbojUjIrIEE7AGMzA/Sm4BslANhbS+cDMpgBdcPT91oJ7OuJ9hYJBx59RjbhxVnrF8Xg==",
      "bin": {
        "acorn": "bin/acorn"
      },
      "engines": {
        "node": ">=0.4.0"
      }
    },
    "node_modules/acorn-import-assertions": {
      "version": "1.9.0",
      "resolved": "https://registry.npmjs.org/acorn-import-assertions/-/acorn-import-assertions-1.9.0.tgz",
      "integrity": "sha512-cmMwop9x+8KFhxvKrKfPYmN6/pKTYYHBqLa0DfvVZcKMJWNyWLnaqND7dx/qn66R7ewM1UX5XMaDVP5wlVTaVA==",
      "peerDependencies": {
        "acorn": "^8"
      }
    },
    "node_modules/cjs-module-lexer": {
      "version": "1.2.3",
      "resolved": "https://registry.npmjs.org/cjs-module-lexer/-/cjs-module-lexer-1.2.3.tgz",
      "integrity": "sha512-0TNiGstbQmCFwt4akjjBg5pLRTSyj/PkWQ1ZoO2zntmg9yLqSRxwEa4iCfQLGjqhiqBfOJa7W/E8wfGrTDmlZQ=="
    },
    "node_modules/debug": {
      "version": "4.3.4",
      "resolved": "https://registry.npmjs.org/debug/-/debug-4.3.4.tgz",
      "integrity": "sha512-PRWFHuSU3eDtQJPvnNY7Jcket1j0t5OuOsFzPPzsekD52Zl8qUfFIPEiswXqIvHWGVHOgX+7G/vCNNhehwxfkQ==",
      "dependencies": {
        "ms": "2.1.2"
      },
      "engines": {
        "node": ">=6.0"
      },
      "peerDependenciesMeta": {
        "supports-color": {
          "optional": true
        }
      }
    },
    "node_modules/function-bind": {
      "version": "1.1.2",
      "resolved": "https://registry.npmjs.org/function-bind/-/function-bind-1.1.2.tgz",
      "integrity": "sha512-7XHNxH7qX9xG5mIwxkhumTox/MIRNcOgDrxWsMt2pAr23WHp6MrRlN7FBSFpCpr+oVO0F744iUgR82nJMfG2SA==",
      "funding": {
        "url": "https://github.com/sponsors/ljharb"
      }
    },
    "node_modules/hasown": {
      "version": "2.0.0",
      "resolved": "https://registry.npmjs.org/hasown/-/hasown-2.0.0.tgz",
      "integrity": "sha512-vUptKVTpIJhcczKBbgnS+RtcuYMB8+oNzPK2/Hp3hanz8JmpATdmmgLgSaadVREkDm+e2giHwY3ZRkyjSIDDFA==",
      "dependencies": {
        "function-bind": "^1.1.2"
      },
      "engines": {
        "node": ">= 0.4"
      }
    },
    "node_modules/import-in-the-middle": {
      "version": "1.7.1",
      "resolved": "https://registry.npmjs.org/import-in-the-middle/-/import-in-the-middle-1.7.1.tgz",
      "integrity": "sha512-1LrZPDtW+atAxH42S6288qyDFNQ2YCty+2mxEPRtfazH6Z5QwkaBSTS2ods7hnVJioF6rkRfNoA6A/MstpFXLg==",
      "dependencies": {
        "acorn": "^8.8.2",
        "acorn-import-assertions": "^1.9.0",
        "cjs-module-lexer": "^1.2.2",
        "module-details-from-path": "^1.0.3"
      }
    },
    "node_modules/is-core-module": {
      "version": "2.13.1",
      "resolved": "https://registry.npmjs.org/is-core-module/-/is-core-module-2.13.1.tgz",
      "integrity": "sha512-hHrIjvZsftOsvKSn2TRYl63zvxsgE0K+0mYMoH6gD4omR5IWB2KynivBQczo3+wF1cCkjzvptnI9Q0sPU66ilw==",
      "dependencies": {
        "hasown": "^2.0.0"
      },
      "funding": {
        "url": "https://github.com/sponsors/ljharb"
      }
    },
    "node_modules/lru-cache": {
      "version": "6.0.0",
      "resolved": "https://registry.npmjs.org/lru-cache/-/lru-cache-6.0.0.tgz",
      "integrity": "sha512-Jo6dJ04CmSjuznwJSS3pUeWmd/H0ffTlkXXgwZi+eq1UCmqQwCh+eLsYOYCwY991i2Fah4h1BEMCx4qThGbsiA==",
      "dependencies": {
        "yallist": "^4.0.0"
      },
      "engines": {
        "node": ">=10"
      }
    },
    "node_modules/module-details-from-path": {
      "version": "1.0.3",
      "resolved": "https://registry.npmjs.org/module-details-from-path/-/module-details-from-path-1.0.3.tgz",
      "integrity": "sha512-ySViT69/76t8VhE1xXHK6Ch4NcDd26gx0MzKXLO+F7NOtnqH68d9zF94nT8ZWSxXh8ELOERsnJO/sWt1xZYw5A=="
    },
    "node_modules/ms": {
      "version": "2.1.2",
      "resolved": "https://registry.npmjs.org/ms/-/ms-2.1.2.tgz",
      "integrity": "sha512-sGkPx+VjMtmA6MX27oA4FBFELFCZZ4S4XqeGOXCv68tT+jb3vk/RyaKWP0PTKyWtmLSM0b+adUTEvbs1PEaH2w=="
    },
    "node_modules/path-parse": {
      "version": "1.0.7",
      "resolved": "https://registry.npmjs.org/path-parse/-/path-parse-1.0.7.tgz",
      "integrity": "sha512-LDJzPVEEEPR+y48z93A0Ed0yXb8pAByGWo/k5YYdYgpY2/2EsOsksJrq7lOHxryrVOn1ejG6oAp8ahvOIQD8sw=="
    },
    "node_modules/require-in-the-middle": {
      "version": "7.2.0",
      "resolved": "https://registry.npmjs.org/require-in-the-middle/-/require-in-the-middle-7.2.0.tgz",
      "integrity": "sha512-3TLx5TGyAY6AOqLBoXmHkNql0HIf2RGbuMgCDT2WO/uGVAPJs6h7Kl+bN6TIZGd9bWhWPwnDnTHGtW8Iu77sdw==",
      "dependencies": {
        "debug": "^4.1.1",
        "module-details-from-path": "^1.0.3",
        "resolve": "^1.22.1"
      },
      "engines": {
        "node": ">=8.6.0"
      }
    },
    "node_modules/resolve": {
      "version": "1.22.8",
      "resolved": "https://registry.npmjs.org/resolve/-/resolve-1.22.8.tgz",
      "integrity": "sha512-oKWePCxqpd6FlLvGV1VU0x7bkPmmCNolxzjMf4NczoDnQcIWrAF+cPtZn5i6n+RfD2d9i0tzpKnG6Yk168yIyw==",
      "dependencies": {
        "is-core-module": "^2.13.0",
        "path-parse": "^1.0.7",
        "supports-preserve-symlinks-flag": "^1.0.0"
      },
      "bin": {
        "resolve": "bin/resolve"
      },
      "funding": {
        "url": "https://github.com/sponsors/ljharb"
      }
    },
    "node_modules/semver": {
      "version": "7.5.4",
      "resolved": "https://registry.npmjs.org/semver/-/semver-7.5.4.tgz",
      "integrity": "sha512-1bCSESV6Pv+i21Hvpxp3Dx+pSD8lIPt8uVjRrxAUt/nbswYc+tK6Y2btiULjd4+fnq15PX+nqQDC7Oft7WkwcA==",
      "dependencies": {
        "lru-cache": "^6.0.0"
      },
      "bin": {
        "semver": "bin/semver.js"
      },
      "engines": {
        "node": ">=10"
      }
    },
    "node_modules/shimmer": {
      "version": "1.2.1",
      "resolved": "https://registry.npmjs.org/shimmer/-/shimmer-1.2.1.tgz",
      "integrity": "sha512-sQTKC1Re/rM6XyFM6fIAGHRPVGvyXfgzIDvzoq608vM+jeyVD0Tu1E6Np0Kc2zAIFWIj963V2800iF/9LPieQw=="
    },
    "node_modules/supports-preserve-symlinks-flag": {
      "version": "1.0.0",
      "resolved": "https://registry.npmjs.org/supports-preserve-symlinks-flag/-/supports-preserve-symlinks-flag-1.0.0.tgz",
      "integrity": "sha512-ot0WnXS9fgdkgIcePe6RHNk1WA8+muPa6cSjeR3V8K27q9BB1rTE3R1p7Hv0z1ZyAc8s6Vvv8DIyWf681MAt0w==",
      "engines": {
        "node": ">= 0.4"
      },
      "funding": {
        "url": "https://github.com/sponsors/ljharb"
      }
    },
    "node_modules/yallist": {
      "version": "4.0.0",
      "resolved": "https://registry.npmjs.org/yallist/-/yallist-4.0.0.tgz",
      "integrity": "sha512-3wdGidZyq5PB084XLES5TpOSRA3wjXAlIWMhum2kRcv/41Sn2emQ0dycQW4uZXLejwKvg6EsvbdlVL+FYEct7A=="
    }
  }
}
