# THIS IS AN AUTOGENERATED FILE. DO NOT EDIT THIS FILE DIRECTLY.
# yarn lockfile v1


"@opentelemetry/api@^1.7.0":
  version "1.7.0"
  resolved "https://registry.yarnpkg.com/@opentelemetry/api/-/api-1.7.0.tgz#b139c81999c23e3c8d3c0a7234480e945920fc40"
  integrity sha512-AdY5wvN0P2vXBi3b29hxZgSFvdhdxPB9+f0B6s//P9Q8nibRWeA3cHm8UmLpio9ABigkVHJ5NMPk+Mz8VCCyrw==

"@opentelemetry/core@1.19.0":
  version "1.19.0"
  resolved "https://registry.yarnpkg.com/@opentelemetry/core/-/core-1.19.0.tgz#6563bb65465bf232d8435553b9a122d9351c0fbb"
  integrity sha512-w42AukJh3TP8R0IZZOVJVM/kMWu8g+lm4LzT70WtuKqhwq7KVhcDzZZuZinWZa6TtQCl7Smt2wolEYzpHabOgw==
  dependencies:
    "@opentelemetry/semantic-conventions" "1.19.0"

"@opentelemetry/instrumentation-http@~0.46.0":
  version "0.46.0"
  resolved "https://registry.yarnpkg.com/@opentelemetry/instrumentation-http/-/instrumentation-http-0.46.0.tgz#c567d3ed69935153eaa018b989bfc167249bdf4f"
  integrity sha512-t5cxgqfV9AcxVP00/OL1ggkOSZM57VXDpvlWaOidYyyfLKcUJ9e2fGbNwoVsGFboRDeH0iFo7gLA3EEvX13wCA==
  dependencies:
    "@opentelemetry/core" "1.19.0"
    "@opentelemetry/instrumentation" "0.46.0"
    "@opentelemetry/semantic-conventions" "1.19.0"
    semver "^7.5.2"

"@opentelemetry/instrumentation@0.46.0":
  version "0.46.0"
  resolved "https://registry.yarnpkg.com/@opentelemetry/instrumentation/-/instrumentation-0.46.0.tgz#a8a252306f82e2eace489312798592a14eb9830e"
  integrity sha512-a9TijXZZbk0vI5TGLZl+0kxyFfrXHhX6Svtz7Pp2/VBlCSKrazuULEyoJQrOknJyFWNMEmbbJgOciHCCpQcisw==
  dependencies:
    "@types/shimmer" "^1.0.2"
    import-in-the-middle "1.7.1"
    require-in-the-middle "^7.1.1"
    semver "^7.5.2"
    shimmer "^1.2.1"

"@opentelemetry/semantic-conventions@1.19.0":
  version "1.19.0"
  resolved "https://registry.yarnpkg.com/@opentelemetry/semantic-conventions/-/semantic-conventions-1.19.0.tgz#0c17f80b45de1c8778dfdf17acb1e9d4c4aa4ba8"
  integrity sha512-14jRpC8f5c0gPSwoZ7SbEJni1PqI+AhAE8m1bMz6v+RPM4OlP1PT2UHBJj5Qh/ALLPjhVU/aZUK3YyjTUqqQVg==

"@types/shimmer@^1.0.2":
  version "1.0.5"
  resolved "https://registry.yarnpkg.com/@types/shimmer/-/shimmer-1.0.5.tgz#491d8984d4510e550bfeb02d518791d7f59d2b88"
  integrity sha512-9Hp0ObzwwO57DpLFF0InUjUm/II8GmKAvzbefxQTihCb7KI6yc9yzf0nLc4mVdby5N4DRCgQM2wCup9KTieeww==

acorn-import-assertions@^1.9.0:
  version "1.9.0"
  resolved "https://registry.yarnpkg.com/acorn-import-assertions/-/acorn-import-assertions-1.9.0.tgz#507276249d684797c84e0734ef84860334cfb1ac"
  integrity sha512-cmMwop9x+8KFhxvKrKfPYmN6/pKTYYHBqLa0DfvVZcKMJWNyWLnaqND7dx/qn66R7ewM1UX5XMaDVP5wlVTaVA==

acorn@^8.8.2:
  version "8.11.3"
  resolved "https://registry.yarnpkg.com/acorn/-/acorn-8.11.3.tgz#71e0b14e13a4ec160724b38fb7b0f233b1b81d7a"
  integrity sha512-Y9rRfJG5jcKOE0CLisYbojUjIrIEE7AGMzA/Sm4BslANhbS+cDMpgBdcPT91oJ7OuJ9hYJBx59RjbhxVnrF8Xg==

cjs-module-lexer@^1.2.2:
  version "1.2.3"
  resolved "https://registry.yarnpkg.com/cjs-module-lexer/-/cjs-module-lexer-1.2.3.tgz#6c370ab19f8a3394e318fe682686ec0ac684d107"
  integrity sha512-0TNiGstbQmCFwt4akjjBg5pLRTSyj/PkWQ1ZoO2zntmg9yLqSRxwEa4iCfQLGjqhiqBfOJa7W/E8wfGrTDmlZQ==

debug@^4.1.1:
  version "4.3.4"
  resolved "https://registry.yarnpkg.com/debug/-/debug-4.3.4.tgz#1319f6579357f2338d3337d2cdd4914bb5dcc865"
  integrity sha512-PRWFHuSU3eDtQJPvnNY7Jcket1j0t5OuOsFzPPzsekD52Zl8qUfFIPEiswXqIvHWGVHOgX+7G/vCNNhehwxfkQ==
  dependencies:
    ms "2.1.2"

function-bind@^1.1.2:
  version "1.1.2"
  resolved "https://registry.yarnpkg.com/function-bind/-/function-bind-1.1.2.tgz#2c02d864d97f3ea6c8830c464cbd11ab6eab7a1c"
  integrity sha512-7XHNxH7qX9xG5mIwxkhumTox/MIRNcOgDrxWsMt2pAr23WHp6MrRlN7FBSFpCpr+oVO0F744iUgR82nJMfG2SA==

hasown@^2.0.0:
  version "2.0.1"
  resolved "https://registry.yarnpkg.com/hasown/-/hasown-2.0.1.tgz#26f48f039de2c0f8d3356c223fb8d50253519faa"
  integrity sha512-1/th4MHjnwncwXsIW6QMzlvYL9kG5e/CpVvLRZe4XPa8TOUNbCELqmvhDmnkNsAjwaG4+I8gJJL0JBvTTLO9qA==
  dependencies:
    function-bind "^1.1.2"

import-in-the-middle@1.7.1:
  version "1.7.1"
  resolved "https://registry.yarnpkg.com/import-in-the-middle/-/import-in-the-middle-1.7.1.tgz#3e111ff79c639d0bde459bd7ba29dd9fdf357364"
  integrity sha512-1LrZPDtW+atAxH42S6288qyDFNQ2YCty+2mxEPRtfazH6Z5QwkaBSTS2ods7hnVJioF6rkRfNoA6A/MstpFXLg==
  dependencies:
    acorn "^8.8.2"
    acorn-import-assertions "^1.9.0"
    cjs-module-lexer "^1.2.2"
    module-details-from-path "^1.0.3"

is-core-module@^2.13.0:
  version "2.13.1"
  resolved "https://registry.yarnpkg.com/is-core-module/-/is-core-module-2.13.1.tgz#ad0d7532c6fea9da1ebdc82742d74525c6273384"
  integrity sha512-hHrIjvZsftOsvKSn2TRYl63zvxsgE0K+0mYMoH6gD4omR5IWB2KynivBQczo3+wF1cCkjzvptnI9Q0sPU66ilw==
  dependencies:
    hasown "^2.0.0"

lru-cache@^6.0.0:
  version "6.0.0"
  resolved "https://registry.yarnpkg.com/lru-cache/-/lru-cache-6.0.0.tgz#6d6fe6570ebd96aaf90fcad1dafa3b2566db3a94"
  integrity sha512-Jo6dJ04CmSjuznwJSS3pUeWmd/H0ffTlkXXgwZi+eq1UCmqQwCh+eLsYOYCwY991i2Fah4h1BEMCx4qThGbsiA==
  dependencies:
    yallist "^4.0.0"

module-details-from-path@^1.0.3:
  version "1.0.3"
  resolved "https://registry.yarnpkg.com/module-details-from-path/-/module-details-from-path-1.0.3.tgz#114c949673e2a8a35e9d35788527aa37b679da2b"
  integrity sha512-ySViT69/76t8VhE1xXHK6Ch4NcDd26gx0MzKXLO+F7NOtnqH68d9zF94nT8ZWSxXh8ELOERsnJO/sWt1xZYw5A==

ms@2.1.2:
  version "2.1.2"
  resolved "https://registry.yarnpkg.com/ms/-/ms-2.1.2.tgz#d09d1f357b443f493382a8eb3ccd183872ae6009"
  integrity sha512-sGkPx+VjMtmA6MX27oA4FBFELFCZZ4S4XqeGOXCv68tT+jb3vk/RyaKWP0PTKyWtmLSM0b+adUTEvbs1PEaH2w==

path-parse@^1.0.7:
  version "1.0.7"
  resolved "https://registry.yarnpkg.com/path-parse/-/path-parse-1.0.7.tgz#fbc114b60ca42b30d9daf5858e4bd68bbedb6735"
  integrity sha512-LDJzPVEEEPR+y48z93A0Ed0yXb8pAByGWo/k5YYdYgpY2/2EsOsksJrq7lOHxryrVOn1ejG6oAp8ahvOIQD8sw==

require-in-the-middle@^7.1.1:
  version "7.2.0"
  resolved "https://registry.yarnpkg.com/require-in-the-middle/-/require-in-the-middle-7.2.0.tgz#b539de8f00955444dc8aed95e17c69b0a4f10fcf"
  integrity sha512-3TLx5TGyAY6AOqLBoXmHkNql0HIf2RGbuMgCDT2WO/uGVAPJs6h7Kl+bN6TIZGd9bWhWPwnDnTHGtW8Iu77sdw==
  dependencies:
    debug "^4.1.1"
    module-details-from-path "^1.0.3"
    resolve "^1.22.1"

resolve@^1.22.1:
  version "1.22.8"
  resolved "https://registry.yarnpkg.com/resolve/-/resolve-1.22.8.tgz#b6c87a9f2aa06dfab52e3d70ac8cde321fa5a48d"
  integrity sha512-oKWePCxqpd6FlLvGV1VU0x7bkPmmCNolxzjMf4NczoDnQcIWrAF+cPtZn5i6n+RfD2d9i0tzpKnG6Yk168yIyw==
  dependencies:
    is-core-module "^2.13.0"
    path-parse "^1.0.7"
    supports-preserve-symlinks-flag "^1.0.0"

semver@^7.5.2:
  version "7.6.0"
  resolved "https://registry.yarnpkg.com/semver/-/semver-7.6.0.tgz#1a46a4db4bffcccd97b743b5005c8325f23d4e2d"
  integrity sha512-EnwXhrlwXMk9gKu5/flx5sv/an57AkRplG3hTK68W7FRDN+k+OWBj65M7719OkA82XLBxrcX0KSHj+X5COhOVg==
  dependencies:
    lru-cache "^6.0.0"

shimmer@^1.2.1:
  version "1.2.1"
  resolved "https://registry.yarnpkg.com/shimmer/-/shimmer-1.2.1.tgz#610859f7de327b587efebf501fb43117f9aff337"
  integrity sha512-sQTKC1Re/rM6XyFM6fIAGHRPVGvyXfgzIDvzoq608vM+jeyVD0Tu1E6Np0Kc2zAIFWIj963V2800iF/9LPieQw==

supports-preserve-symlinks-flag@^1.0.0:
  version "1.0.0"
  resolved "https://registry.yarnpkg.com/supports-preserve-symlinks-flag/-/supports-preserve-symlinks-flag-1.0.0.tgz#6eda4bd344a3c94aea376d4cc31bc77311039e09"
  integrity sha512-ot0WnXS9fgdkgIcePe6RHNk1WA8+muPa6cSjeR3V8K27q9BB1rTE3R1p7Hv0z1ZyAc8s6Vvv8DIyWf681MAt0w==

yallist@^4.0.0:
  version "4.0.0"
  resolved "https://registry.yarnpkg.com/yallist/-/yallist-4.0.0.tgz#9bb92790d9c0effec63be73519e11a35019a3a72"
  integrity sha512-3wdGidZyq5PB084XLES5TpOSRA3wjXAlIWMhum2kRcv/41Sn2emQ0dycQW4uZXLejwKvg6EsvbdlVL+FYEct7A==
